# This file is automatically @generated by Cargo.
# It is not intended for manual editing.
version = 4

[[package]]
name = "aether"
version = "0.1.0"
source = "git+https://github.com/SisyphusAeolides/Arach-Kernel.git?rev=c2507bb21c516dc68a4e45c4b29c45615dedc4df#c2507bb21c516dc68a4e45c4b29c45615dedc4df"

[[package]]
name = "kairos"
version = "0.1.0"
source = "git+https://github.com/SisyphusAeolides/Arach-Kernel.git?rev=c2507bb21c516dc68a4e45c4b29c45615dedc4df#c2507bb21c516dc68a4e45c4b29c45615dedc4df"

[[package]]
name = "libm"
version = "0.2.16"
source = "registry+https://github.com/rust-lang/crates.io-index"
checksum = "b6d2cec3eae94f9f509c767b45932f1ada8350c4bdb85af2fcab4a3c14807981"

[[package]]
name = "push"
version = "0.1.0"
dependencies = [
 "libm",
 "slope",
]

[[package]]
name = "slope"
version = "0.1.0"
source = "git+https://github.com/SisyphusAeolides/Slope.git?rev=e1279f3a9c17638a70c55493b2851b011452a403#e1279f3a9c17638a70c55493b2851b011452a403"
dependencies = [
 "aether",
 "kairos",
]
