# This file is automatically @generated by Cargo.
# It is not intended for manual editing.
version = 4

[[package]]
name = "aether"
version = "0.1.0"
source = "git+https://github.com/SisyphusAeolides/Arach-Kernel.git?rev=8b1ca78d28dbb54799cf6bac9e8135272b077323#8b1ca78d28dbb54799cf6bac9e8135272b077323"

[[package]]
name = "kairos"
version = "0.1.0"
source = "git+https://github.com/SisyphusAeolides/Arach-Kernel.git?rev=8b1ca78d28dbb54799cf6bac9e8135272b077323#8b1ca78d28dbb54799cf6bac9e8135272b077323"

[[package]]
name = "libm"
version = "0.2.16"
source = "registry+https://github.com/rust-lang/crates.io-index"
checksum = "b6d2cec3eae94f9f509c767b45932f1ada8350c4bdb85af2fcab4a3c14807981"

[[package]]
name = "push"
version = "0.1.0"
dependencies = [
 "libm",
 "slope",
]

[[package]]
name = "slope"
version = "0.1.0"
source = "git+https://github.com/SisyphusAeolides/Slope.git?rev=0982b44f3d7271903f827b4169cbf69b332a69ef#0982b44f3d7271903f827b4169cbf69b332a69ef"
dependencies = [
 "aether",
 "kairos",
]
